
Microsoft Visual Studio Solution File, Format Version 12.00
# Visual Studio 15
VisualStudioVersion = 15.0.26124.0
MinimumVisualStudioVersion = 15.0.26124.0
Project("{9A19103F-16F7-4668-BE54-9A1E7A4F7556}") = "R5T.Caledonia.Default.Construction", "R5T.Caledonia.Default.Construction\R5T.Caledonia.Default.Construction.csproj", "{D9FB125B-418F-4D63-B61D-55BD4F268231}"
EndProject
Project("{9A19103F-16F7-4668-BE54-9A1E7A4F7556}") = "R5T.Caledonia.Default", "R5T.Caledonia.Default\R5T.Caledonia.Default.csproj", "{7ADA61C2-001D-4444-88BA-C61FDEB68A6F}"
EndProject
Project("{9A19103F-16F7-4668-BE54-9A1E7A4F7556}") = "R5T.Caledonia.Default.Testing", "R5T.Caledonia.Default.Testing\R5T.Caledonia.Default.Testing.csproj", "{09A0CB2C-2BE4-4062-BBD2-9FA2901BBE48}"
EndProject
Project("{2150E333-8FDC-42A3-9474-1A3956D46DE8}") = "_Dependencies", "_Dependencies", "{A035CCF5-87F8-4847-8049-FF7F15683EC7}"
EndProject
Project("{9A19103F-16F7-4668-BE54-9A1E7A4F7556}") = "R5T.Caledonia.Types", "..\..\R5T.Caledonia.Types\source\R5T.Caledonia.Types\R5T.Caledonia.Types.csproj", "{2A818C66-2FAF-4704-BEB7-FB277EDCDE64}"
EndProject
Project("{9A19103F-16F7-4668-BE54-9A1E7A4F7556}") = "R5T.Caledonia.Base", "..\..\R5T.Caledonia.Base\source\R5T.Caledonia.Base\R5T.Caledonia.Base.csproj", "{D2558EA0-CF57-42F1-8604-DD7243BF39F7}"
EndProject
Global
	GlobalSection(SolutionConfigurationPlatforms) = preSolution
		Debug|Any CPU = Debug|Any CPU
		Debug|x64 = Debug|x64
		Debug|x86 = Debug|x86
		Release|Any CPU = Release|Any CPU
		Release|x64 = Release|x64
		Release|x86 = Release|x86
	EndGlobalSection
	GlobalSection(ProjectConfigurationPlatforms) = postSolution
		{D9FB125B-418F-4D63-B61D-55BD4F268231}.Debug|Any CPU.ActiveCfg = Debug|Any CPU
		{D9FB125B-418F-4D63-B61D-55BD4F268231}.Debug|Any CPU.Build.0 = Debug|Any CPU
		{D9FB125B-418F-4D63-B61D-55BD4F268231}.Debug|x64.ActiveCfg = Debug|Any CPU
		{D9FB125B-418F-4D63-B61D-55BD4F268231}.Debug|x64.Build.0 = Debug|Any CPU
		{D9FB125B-418F-4D63-B61D-55BD4F268231}.Debug|x86.ActiveCfg = Debug|Any CPU
		{D9FB125B-418F-4D63-B61D-55BD4F268231}.Debug|x86.Build.0 = Debug|Any CPU
		{D9FB125B-418F-4D63-B61D-55BD4F268231}.Release|Any CPU.ActiveCfg = Release|Any CPU
		{D9FB125B-418F-4D63-B61D-55BD4F268231}.Release|Any CPU.Build.0 = Release|Any CPU
		{D9FB125B-418F-4D63-B61D-55BD4F268231}.Release|x64.ActiveCfg = Release|Any CPU
		{D9FB125B-418F-4D63-B61D-55BD4F268231}.Release|x64.Build.0 = Release|Any CPU
		{D9FB125B-418F-4D63-B61D-55BD4F268231}.Release|x86.ActiveCfg = Release|Any CPU
		{D9FB125B-418F-4D63-B61D-55BD4F268231}.Release|x86.Build.0 = Release|Any CPU
		{7ADA61C2-001D-4444-88BA-C61FDEB68A6F}.Debug|Any CPU.ActiveCfg = Debug|Any CPU
		{7ADA61C2-001D-4444-88BA-C61FDEB68A6F}.Debug|Any CPU.Build.0 = Debug|Any CPU
		{7ADA61C2-001D-4444-88BA-C61FDEB68A6F}.Debug|x64.ActiveCfg = Debug|Any CPU
		{7ADA61C2-001D-4444-88BA-C61FDEB68A6F}.Debug|x64.Build.0 = Debug|Any CPU
		{7ADA61C2-001D-4444-88BA-C61FDEB68A6F}.Debug|x86.ActiveCfg = Debug|Any CPU
		{7ADA61C2-001D-4444-88BA-C61FDEB68A6F}.Debug|x86.Build.0 = Debug|Any CPU
		{7ADA61C2-001D-4444-88BA-C61FDEB68A6F}.Release|Any CPU.ActiveCfg = Release|Any CPU
		{7ADA61C2-001D-4444-88BA-C61FDEB68A6F}.Release|Any CPU.Build.0 = Release|Any CPU
		{7ADA61C2-001D-4444-88BA-C61FDEB68A6F}.Release|x64.ActiveCfg = Release|Any CPU
		{7ADA61C2-001D-4444-88BA-C61FDEB68A6F}.Release|x64.Build.0 = Release|Any CPU
		{7ADA61C2-001D-4444-88BA-C61FDEB68A6F}.Release|x86.ActiveCfg = Release|Any CPU
		{7ADA61C2-001D-4444-88BA-C61FDEB68A6F}.Release|x86.Build.0 = Release|Any CPU
		{09A0CB2C-2BE4-4062-BBD2-9FA2901BBE48}.Debug|Any CPU.ActiveCfg = Debug|Any CPU
		{09A0CB2C-2BE4-4062-BBD2-9FA2901BBE48}.Debug|Any CPU.Build.0 = Debug|Any CPU
		{09A0CB2C-2BE4-4062-BBD2-9FA2901BBE48}.Debug|x64.ActiveCfg = Debug|Any CPU
		{09A0CB2C-2BE4-4062-BBD2-9FA2901BBE48}.Debug|x64.Build.0 = Debug|Any CPU
		{09A0CB2C-2BE4-4062-BBD2-9FA2901BBE48}.Debug|x86.ActiveCfg = Debug|Any CPU
		{09A0CB2C-2BE4-4062-BBD2-9FA2901BBE48}.Debug|x86.Build.0 = Debug|Any CPU
		{09A0CB2C-2BE4-4062-BBD2-9FA2901BBE48}.Release|Any CPU.ActiveCfg = Release|Any CPU
		{09A0CB2C-2BE4-4062-BBD2-9FA2901BBE48}.Release|Any CPU.Build.0 = Release|Any CPU
		{09A0CB2C-2BE4-4062-BBD2-9FA2901BBE48}.Release|x64.ActiveCfg = Release|Any CPU
		{09A0CB2C-2BE4-4062-BBD2-9FA2901BBE48}.Release|x64.Build.0 = Release|Any CPU
		{09A0CB2C-2BE4-4062-BBD2-9FA2901BBE48}.Release|x86.ActiveCfg = Release|Any CPU
		{09A0CB2C-2BE4-4062-BBD2-9FA2901BBE48}.Release|x86.Build.0 = Release|Any CPU
		{2A818C66-2FAF-4704-BEB7-FB277EDCDE64}.Debug|Any CPU.ActiveCfg = Debug|Any CPU
		{2A818C66-2FAF-4704-BEB7-FB277EDCDE64}.Debug|Any CPU.Build.0 = Debug|Any CPU
		{2A818C66-2FAF-4704-BEB7-FB277EDCDE64}.Debug|x64.ActiveCfg = Debug|Any CPU
		{2A818C66-2FAF-4704-BEB7-FB277EDCDE64}.Debug|x64.Build.0 = Debug|Any CPU
		{2A818C66-2FAF-4704-BEB7-FB277EDCDE64}.Debug|x86.ActiveCfg = Debug|Any CPU
		{2A818C66-2FAF-4704-BEB7-FB277EDCDE64}.Debug|x86.Build.0 = Debug|Any CPU
		{2A818C66-2FAF-4704-BEB7-FB277EDCDE64}.Release|Any CPU.ActiveCfg = Release|Any CPU
		{2A818C66-2FAF-4704-BEB7-FB277EDCDE64}.Release|Any CPU.Build.0 = Release|Any CPU
		{2A818C66-2FAF-4704-BEB7-FB277EDCDE64}.Release|x64.ActiveCfg = Release|Any CPU
		{2A818C66-2FAF-4704-BEB7-FB277EDCDE64}.Release|x64.Build.0 = Release|Any CPU
		{2A818C66-2FAF-4704-BEB7-FB277EDCDE64}.Release|x86.ActiveCfg = Release|Any CPU
		{2A818C66-2FAF-4704-BEB7-FB277EDCDE64}.Release|x86.Build.0 = Release|Any CPU
		{D2558EA0-CF57-42F1-8604-DD7243BF39F7}.Debug|Any CPU.ActiveCfg = Debug|Any CPU
		{D2558EA0-CF57-42F1-8604-DD7243BF39F7}.Debug|Any CPU.Build.0 = Debug|Any CPU
		{D2558EA0-CF57-42F1-8604-DD7243BF39F7}.Debug|x64.ActiveCfg = Debug|Any CPU
		{D2558EA0-CF57-42F1-8604-DD7243BF39F7}.Debug|x64.Build.0 = Debug|Any CPU
		{D2558EA0-CF57-42F1-8604-DD7243BF39F7}.Debug|x86.ActiveCfg = Debug|Any CPU
		{D2558EA0-CF57-42F1-8604-DD7243BF39F7}.Debug|x86.Build.0 = Debug|Any CPU
		{D2558EA0-CF57-42F1-8604-DD7243BF39F7}.Release|Any CPU.ActiveCfg = Release|Any CPU
		{D2558EA0-CF57-42F1-8604-DD7243BF39F7}.Release|Any CPU.Build.0 = Release|Any CPU
		{D2558EA0-CF57-42F1-8604-DD7243BF39F7}.Release|x64.ActiveCfg = Release|Any CPU
		{D2558EA0-CF57-42F1-8604-DD7243BF39F7}.Release|x64.Build.0 = Release|Any CPU
		{D2558EA0-CF57-42F1-8604-DD7243BF39F7}.Release|x86.ActiveCfg = Release|Any CPU
		{D2558EA0-CF57-42F1-8604-DD7243BF39F7}.Release|x86.Build.0 = Release|Any CPU
	EndGlobalSection
	GlobalSection(SolutionProperties) = preSolution
		HideSolutionNode = FALSE
	EndGlobalSection
	GlobalSection(NestedProjects) = preSolution
		{2A818C66-2FAF-4704-BEB7-FB277EDCDE64} = {A035CCF5-87F8-4847-8049-FF7F15683EC7}
		{D2558EA0-CF57-42F1-8604-DD7243BF39F7} = {A035CCF5-87F8-4847-8049-FF7F15683EC7}
	EndGlobalSection
	GlobalSection(ExtensibilityGlobals) = postSolution
		SolutionGuid = {D3C355AC-8969-4590-9192-72CA9A934DBB}
	EndGlobalSection
EndGlobal
